
Microsoft Visual Studio Solution File, Format Version 12.00
# Visual Studio Version 16
VisualStudioVersion = 16.0.32802.440
MinimumVisualStudioVersion = 10.0.40219.1
Project("{FAE04EC0-301F-11D3-BF4B-00C04F79EFBC}") = "ex1c", "ex1c\ex1c.csproj", "{B2FC1B91-3AFC-471F-A9E0-EECF87A148F7}"
EndProject
Project("{9A19103F-16F7-4668-BE54-9A1E7A4F7556}") = "ex1a", "ex1a\ex1a.csproj", "{480B5113-AF37-4F03-AEFC-CC1491C60A28}"
EndProject
Project("{FAE04EC0-301F-11D3-BF4B-00C04F79EFBC}") = "ex1b", "ex1b\ex1b.csproj", "{5C1EB2F7-9B03-4314-B4C8-BC730D3FE7EE}"
EndProject
Project("{FAE04EC0-301F-11D3-BF4B-00C04F79EFBC}") = "ex1d", "ex1d\ex1d.csproj", "{1A56EBA3-91EC-4574-BCB3-2ACB80A16DB2}"
EndProject
Project("{FAE04EC0-301F-11D3-BF4B-00C04F79EFBC}") = "ex1e", "ex1e\ex1e.csproj", "{FF80609C-0722-4B2C-AF5B-115AAF4FAFF3}"
EndProject
Project("{FAE04EC0-301F-11D3-BF4B-00C04F79EFBC}") = "ex1f", "ex1f\ex1f.csproj", "{74A15982-87C1-40BA-B7DF-F7821BC77409}"
EndProject
Project("{FAE04EC0-301F-11D3-BF4B-00C04F79EFBC}") = "ex1g", "ex1g\ex1g.csproj", "{84C0D9EE-3818-4A39-9437-A1ADA486A577}"
EndProject
Project("{FAE04EC0-301F-11D3-BF4B-00C04F79EFBC}") = "ex2.0", "ex2a\ex2.0.csproj", "{C797C22A-586A-4926-BBAE-C093F80825BA}"
EndProject
Project("{FAE04EC0-301F-11D3-BF4B-00C04F79EFBC}") = "ex2a", "ex2a\ex2a.csproj", "{8216B47B-AAF8-4AC4-9D7E-41758207D0A3}"
EndProject
Global
	GlobalSection(SolutionConfigurationPlatforms) = preSolution
		Debug|Any CPU = Debug|Any CPU
		Release|Any CPU = Release|Any CPU
	EndGlobalSection
	GlobalSection(ProjectConfigurationPlatforms) = postSolution
		{B2FC1B91-3AFC-471F-A9E0-EECF87A148F7}.Debug|Any CPU.ActiveCfg = Debug|Any CPU
		{B2FC1B91-3AFC-471F-A9E0-EECF87A148F7}.Debug|Any CPU.Build.0 = Debug|Any CPU
		{B2FC1B91-3AFC-471F-A9E0-EECF87A148F7}.Release|Any CPU.ActiveCfg = Release|Any CPU
		{B2FC1B91-3AFC-471F-A9E0-EECF87A148F7}.Release|Any CPU.Build.0 = Release|Any CPU
		{480B5113-AF37-4F03-AEFC-CC1491C60A28}.Debug|Any CPU.ActiveCfg = Debug|Any CPU
		{480B5113-AF37-4F03-AEFC-CC1491C60A28}.Debug|Any CPU.Build.0 = Debug|Any CPU
		{480B5113-AF37-4F03-AEFC-CC1491C60A28}.Release|Any CPU.ActiveCfg = Release|Any CPU
		{480B5113-AF37-4F03-AEFC-CC1491C60A28}.Release|Any CPU.Build.0 = Release|Any CPU
		{5C1EB2F7-9B03-4314-B4C8-BC730D3FE7EE}.Debug|Any CPU.ActiveCfg = Debug|Any CPU
		{5C1EB2F7-9B03-4314-B4C8-BC730D3FE7EE}.Debug|Any CPU.Build.0 = Debug|Any CPU
		{5C1EB2F7-9B03-4314-B4C8-BC730D3FE7EE}.Release|Any CPU.ActiveCfg = Release|Any CPU
		{5C1EB2F7-9B03-4314-B4C8-BC730D3FE7EE}.Release|Any CPU.Build.0 = Release|Any CPU
		{1A56EBA3-91EC-4574-BCB3-2ACB80A16DB2}.Debug|Any CPU.ActiveCfg = Debug|Any CPU
		{1A56EBA3-91EC-4574-BCB3-2ACB80A16DB2}.Debug|Any CPU.Build.0 = Debug|Any CPU
		{1A56EBA3-91EC-4574-BCB3-2ACB80A16DB2}.Release|Any CPU.ActiveCfg = Release|Any CPU
		{1A56EBA3-91EC-4574-BCB3-2ACB80A16DB2}.Release|Any CPU.Build.0 = Release|Any CPU
		{FF80609C-0722-4B2C-AF5B-115AAF4FAFF3}.Debug|Any CPU.ActiveCfg = Debug|Any CPU
		{FF80609C-0722-4B2C-AF5B-115AAF4FAFF3}.Debug|Any CPU.Build.0 = Debug|Any CPU
		{FF80609C-0722-4B2C-AF5B-115AAF4FAFF3}.Release|Any CPU.ActiveCfg = Release|Any CPU
		{FF80609C-0722-4B2C-AF5B-115AAF4FAFF3}.Release|Any CPU.Build.0 = Release|Any CPU
		{74A15982-87C1-40BA-B7DF-F7821BC77409}.Debug|Any CPU.ActiveCfg = Debug|Any CPU
		{74A15982-87C1-40BA-B7DF-F7821BC77409}.Debug|Any CPU.Build.0 = Debug|Any CPU
		{74A15982-87C1-40BA-B7DF-F7821BC77409}.Release|Any CPU.ActiveCfg = Release|Any CPU
		{74A15982-87C1-40BA-B7DF-F7821BC77409}.Release|Any CPU.Build.0 = Release|Any CPU
		{84C0D9EE-3818-4A39-9437-A1ADA486A577}.Debug|Any CPU.ActiveCfg = Debug|Any CPU
		{84C0D9EE-3818-4A39-9437-A1ADA486A577}.Debug|Any CPU.Build.0 = Debug|Any CPU
		{84C0D9EE-3818-4A39-9437-A1ADA486A577}.Release|Any CPU.ActiveCfg = Release|Any CPU
		{84C0D9EE-3818-4A39-9437-A1ADA486A577}.Release|Any CPU.Build.0 = Release|Any CPU
		{C797C22A-586A-4926-BBAE-C093F80825BA}.Debug|Any CPU.ActiveCfg = Debug|Any CPU
		{C797C22A-586A-4926-BBAE-C093F80825BA}.Debug|Any CPU.Build.0 = Debug|Any CPU
		{C797C22A-586A-4926-BBAE-C093F80825BA}.Release|Any CPU.ActiveCfg = Release|Any CPU
		{C797C22A-586A-4926-BBAE-C093F80825BA}.Release|Any CPU.Build.0 = Release|Any CPU
		{8216B47B-AAF8-4AC4-9D7E-41758207D0A3}.Debug|Any CPU.ActiveCfg = Debug|Any CPU
		{8216B47B-AAF8-4AC4-9D7E-41758207D0A3}.Debug|Any CPU.Build.0 = Debug|Any CPU
		{8216B47B-AAF8-4AC4-9D7E-41758207D0A3}.Release|Any CPU.ActiveCfg = Release|Any CPU
		{8216B47B-AAF8-4AC4-9D7E-41758207D0A3}.Release|Any CPU.Build.0 = Release|Any CPU
	EndGlobalSection
	GlobalSection(SolutionProperties) = preSolution
		HideSolutionNode = FALSE
	EndGlobalSection
	GlobalSection(ExtensibilityGlobals) = postSolution
		SolutionGuid = {AADDAD06-0F90-4CF4-98D5-9CB3C5341FBC}
	EndGlobalSection
EndGlobal
